
Microsoft Visual Studio Solution File, Format Version 12.00
# Visual Studio Version 16
VisualStudioVersion = 16.0.31702.278
MinimumVisualStudioVersion = 10.0.40219.1
Project("{FAE04EC0-301F-11D3-BF4B-00C04F79EFBC}") = "Poprigenok", "Poprigenok\Poprigenok.csproj", "{E9A9A221-DAC2-4268-AB11-6B2E4C649A2C}"
EndProject
Project("{FAE04EC0-301F-11D3-BF4B-00C04F79EFBC}") = "UnitTest", "UnitTest\UnitTest.csproj", "{F6E68D4A-33C6-4421-BCB9-FD83CAE45FB8}"
EndProject
Global
	GlobalSection(SolutionConfigurationPlatforms) = preSolution
		Debug|Any CPU = Debug|Any CPU
		Release|Any CPU = Release|Any CPU
	EndGlobalSection
	GlobalSection(ProjectConfigurationPlatforms) = postSolution
		{E9A9A221-DAC2-4268-AB11-6B2E4C649A2C}.Debug|Any CPU.ActiveCfg = Debug|Any CPU
		{E9A9A221-DAC2-4268-AB11-6B2E4C649A2C}.Debug|Any CPU.Build.0 = Debug|Any CPU
		{E9A9A221-DAC2-4268-AB11-6B2E4C649A2C}.Release|Any CPU.ActiveCfg = Release|Any CPU
		{E9A9A221-DAC2-4268-AB11-6B2E4C649A2C}.Release|Any CPU.Build.0 = Release|Any CPU
		{F6E68D4A-33C6-4421-BCB9-FD83CAE45FB8}.Debug|Any CPU.ActiveCfg = Debug|Any CPU
		{F6E68D4A-33C6-4421-BCB9-FD83CAE45FB8}.Debug|Any CPU.Build.0 = Debug|Any CPU
		{F6E68D4A-33C6-4421-BCB9-FD83CAE45FB8}.Release|Any CPU.ActiveCfg = Release|Any CPU
		{F6E68D4A-33C6-4421-BCB9-FD83CAE45FB8}.Release|Any CPU.Build.0 = Release|Any CPU
	EndGlobalSection
	GlobalSection(SolutionProperties) = preSolution
		HideSolutionNode = FALSE
	EndGlobalSection
	GlobalSection(ExtensibilityGlobals) = postSolution
		SolutionGuid = {AD465A7A-74D5-4CFC-88F0-457B77589627}
	EndGlobalSection
EndGlobal
